
Microsoft Visual Studio Solution File, Format Version 12.00
# Visual Studio Version 16
VisualStudioVersion = 16.0.29215.179
MinimumVisualStudioVersion = 10.0.40219.1
Project("{FAE04EC0-301F-11D3-BF4B-00C04F79EFBC}") = "FIGHT_TEST_ANIMA", "FIGHT_TEST_ANIMA\FIGHT_TEST_ANIMA.csproj", "{4C095A64-74EA-45D6-93F1-BE02A5774E7A}"
EndProject
Global
	GlobalSection(SolutionConfigurationPlatforms) = preSolution
		Debug|Any CPU = Debug|Any CPU
		Release|Any CPU = Release|Any CPU
	EndGlobalSection
	GlobalSection(ProjectConfigurationPlatforms) = postSolution
		{4C095A64-74EA-45D6-93F1-BE02A5774E7A}.Debug|Any CPU.ActiveCfg = Debug|Any CPU
		{4C095A64-74EA-45D6-93F1-BE02A5774E7A}.Debug|Any CPU.Build.0 = Debug|Any CPU
		{4C095A64-74EA-45D6-93F1-BE02A5774E7A}.Release|Any CPU.ActiveCfg = Release|Any CPU
		{4C095A64-74EA-45D6-93F1-BE02A5774E7A}.Release|Any CPU.Build.0 = Release|Any CPU
	EndGlobalSection
	GlobalSection(SolutionProperties) = preSolution
		HideSolutionNode = FALSE
	EndGlobalSection
	GlobalSection(ExtensibilityGlobals) = postSolution
		SolutionGuid = {B6C23FD1-3B7A-4831-A454-CB93E1C28C82}
	EndGlobalSection
EndGlobal
